
Microsoft Visual Studio Solution File, Format Version 12.00
# Visual Studio 15
VisualStudioVersion = 15.0.26124.0
MinimumVisualStudioVersion = 10.0.40219.1
Project("{FAE04EC0-301F-11D3-BF4B-00C04F79EFBC}") = "SmartFaceAligner", "SmartFaceAligner\SmartFaceAligner.csproj", "{08A057CE-9DF4-44FA-899F-06C1B2172FD1}"
EndProject
Project("{FAE04EC0-301F-11D3-BF4B-00C04F79EFBC}") = "SmartFaceAligner.Processor", "SmartFaceAligner.Processor\SmartFaceAligner.Processor.csproj", "{AFA047FB-E6C6-42D0-A66B-EA53FCEE1FC2}"
EndProject
Global
	GlobalSection(SolutionConfigurationPlatforms) = preSolution
		Debug|Any CPU = Debug|Any CPU
		Release|Any CPU = Release|Any CPU
	EndGlobalSection
	GlobalSection(ProjectConfigurationPlatforms) = postSolution
		{08A057CE-9DF4-44FA-899F-06C1B2172FD1}.Debug|Any CPU.ActiveCfg = Debug|Any CPU
		{08A057CE-9DF4-44FA-899F-06C1B2172FD1}.Debug|Any CPU.Build.0 = Debug|Any CPU
		{08A057CE-9DF4-44FA-899F-06C1B2172FD1}.Release|Any CPU.ActiveCfg = Release|Any CPU
		{08A057CE-9DF4-44FA-899F-06C1B2172FD1}.Release|Any CPU.Build.0 = Release|Any CPU
		{AFA047FB-E6C6-42D0-A66B-EA53FCEE1FC2}.Debug|Any CPU.ActiveCfg = Debug|Any CPU
		{AFA047FB-E6C6-42D0-A66B-EA53FCEE1FC2}.Debug|Any CPU.Build.0 = Debug|Any CPU
		{AFA047FB-E6C6-42D0-A66B-EA53FCEE1FC2}.Release|Any CPU.ActiveCfg = Release|Any CPU
		{AFA047FB-E6C6-42D0-A66B-EA53FCEE1FC2}.Release|Any CPU.Build.0 = Release|Any CPU
	EndGlobalSection
	GlobalSection(SolutionProperties) = preSolution
		HideSolutionNode = FALSE
	EndGlobalSection
EndGlobal
